{
  "version": "5",
  "specifiers": {
    "jsr:@cfa/gitignore-parser@~0.1.4": "0.1.4",
    "jsr:@cliffy/command@1": "1.0.0",
    "jsr:@cliffy/flags@1.0.0": "1.0.0",
    "jsr:@cliffy/internal@1.0.0": "1.0.0",
    "jsr:@cliffy/table@1.0.0": "1.0.0",
    "jsr:@deno/deploy@*": "0.0.91",
    "jsr:@deno/deploy@0.0.91": "0.0.91",
    "jsr:@deno/framework-detect@0.3": "0.3.0",
    "jsr:@deno/kv-utils@*": "0.1.4",
    "jsr:@deno/kv-utils@0.1.4": "0.1.4",
    "jsr:@deno/sandbox@0.10": "0.10.1",
    "jsr:@simplewebauthn/server@13.2.2": "13.2.2",
    "jsr:@std/async@^1.1.0": "1.1.1",
    "jsr:@std/bytes@^1.0.3": "1.0.6",
    "jsr:@std/cli@1.0.27": "1.0.27",
    "jsr:@std/dotenv@~0.225.5": "0.225.6",
    "jsr:@std/encoding@^1.0.10": "1.0.10",
    "jsr:@std/encoding@^1.0.5": "1.0.10",
    "jsr:@std/fmt@^1.0.8": "1.0.9",
    "jsr:@std/fmt@^1.0.9": "1.0.9",
    "jsr:@std/fs@^1.0.19": "1.0.22",
    "jsr:@std/internal@^1.0.12": "1.0.12",
    "jsr:@std/json@^1.0.2": "1.0.2",
    "jsr:@std/jsonc@^1.0.2": "1.0.2",
    "jsr:@std/path@^1.1.2": "1.1.4",
    "jsr:@std/path@^1.1.4": "1.1.4",
    "jsr:@std/semver@^1.0.8": "1.0.8",
    "jsr:@std/streams@^1.0.17": "1.0.17",
    "jsr:@std/tar@~0.1.9": "0.1.10",
    "jsr:@std/text@^1.0.17": "1.0.17",
    "jsr:@std/yaml@1.0.9": "1.0.9",
    "npm:@hexagon/base64@^1.1.27": "1.1.28",
    "npm:@levischuck/tiny-cbor@~0.2.2": "0.2.11",
    "npm:@peculiar/asn1-android@^2.3.10": "2.6.0",
    "npm:@peculiar/asn1-ecc@^2.3.8": "2.6.0",
    "npm:@peculiar/asn1-rsa@^2.3.8": "2.6.0",
    "npm:@peculiar/asn1-schema@^2.3.8": "2.6.0",
    "npm:@peculiar/asn1-x509@^2.3.8": "2.6.0",
    "npm:@peculiar/x509@^1.13.0": "1.14.3",
    "npm:@trpc/client@^11.0.2": "11.6.0_@trpc+server@11.6.0__typescript@6.0.3_typescript@6.0.3",
    "npm:@trpc/server@^11.0.2": "11.6.0_typescript@6.0.3",
    "npm:@types/ws@^8.18.1": "8.18.1",
    "npm:event-source-polyfill@^1.0.31": "1.0.31",
    "npm:jsonc-parser@^3.3.1": "3.3.1",
    "npm:open@^10.1.0": "10.2.0",
    "npm:pg-connection-string@^2.9.1": "2.11.0",
    "npm:superjson@^2.2.2": "2.2.3",
    "npm:temporal-polyfill@0.3": "0.3.0",
    "npm:ws@^8.18.3": "8.20.0",
    "npm:zod@^4.1.5": "4.3.6"
  },
  "jsr": {
    "@cfa/gitignore-parser@0.1.4": {
      "integrity": "60d3563bbd7b8797f50c28585d7d74d231fbb56a1d9df7b0673c27cbdf60a23a"
    },
    "@cliffy/command@1.0.0": {
      "integrity": "c52a241ea68857fcdaff4f3173eb404f8017d7bc35553b6f533c592b89dde7d2",
      "dependencies": [
        "jsr:@cliffy/flags",
        "jsr:@cliffy/internal",
        "jsr:@cliffy/table",
        "jsr:@std/fmt@^1.0.9",
        "jsr:@std/text"
      ]
    },
    "@cliffy/flags@1.0.0": {
      "integrity": "8b57698adc644da8f90422d58976362d41a4ebca39c312ca1c101585d0148feb",
      "dependencies": [
        "jsr:@cliffy/internal",
        "jsr:@std/text"
      ]
    },
    "@cliffy/internal@1.0.0": {
      "integrity": "1e17ccbcd5420093c0a93e5b3827bbdc9abac5195bacf187edc44665e54bdde6"
    },
    "@cliffy/table@1.0.0": {
      "integrity": "3fdaa9e1ef1ea62022108adabd826932bdea8dd05497079896febcd41322907f",
      "dependencies": [
        "jsr:@std/fmt@^1.0.9"
      ]
    },
    "@deno/deploy@0.0.91": {
      "integrity": "d5325708e313d5a6e3c8bacb4b554f1481bfaa7a1d231fe8b55ec77e91597009",
      "dependencies": [
        "jsr:@cfa/gitignore-parser",
        "jsr:@cliffy/command",
        "jsr:@deno/framework-detect",
        "jsr:@deno/sandbox",
        "jsr:@std/async",
        "jsr:@std/cli",
        "jsr:@std/dotenv",
        "jsr:@std/encoding@^1.0.10",
        "jsr:@std/fmt@^1.0.8",
        "jsr:@std/fs",
        "jsr:@std/path@^1.1.2",
        "jsr:@std/semver",
        "jsr:@std/tar",
        "npm:@trpc/client",
        "npm:@trpc/server",
        "npm:event-source-polyfill",
        "npm:jsonc-parser",
        "npm:open",
        "npm:pg-connection-string",
        "npm:superjson",
        "npm:temporal-polyfill"
      ]
    },
    "@deno/framework-detect@0.3.0": {
      "integrity": "95aac5d8366e4b007f52adc576e6e3a2abece053f18a7dcb2826ed610c25cb3b",
      "dependencies": [
        "jsr:@std/jsonc",
        "jsr:@std/path@^1.1.2"
      ]
    },
    "@deno/kv-utils@0.1.4": {
      "integrity": "119a768c8a9b1af76552b48e78457cd2fb38cc97c10b3a57cf65efe47ff9ca1a",
      "dependencies": [
        "jsr:@std/bytes",
        "jsr:@std/encoding@^1.0.5"
      ]
    },
    "@deno/sandbox@0.10.1": {
      "integrity": "98e3b6cd041c019c1af8d6528d02ee4f66d620ac38e62fc27a5db4ecc030ec95",
      "dependencies": [
        "jsr:@std/fs",
        "jsr:@std/path@^1.1.2",
        "npm:@types/ws",
        "npm:ws",
        "npm:zod"
      ]
    },
    "@simplewebauthn/server@13.2.2": {
      "integrity": "8d8bd8ca28df7da8ff1e4c04fcf59e3b795f8856456f6b338f96e79d115f8cc2",
      "dependencies": [
        "npm:@hexagon/base64",
        "npm:@levischuck/tiny-cbor",
        "npm:@peculiar/asn1-android",
        "npm:@peculiar/asn1-ecc",
        "npm:@peculiar/asn1-rsa",
        "npm:@peculiar/asn1-schema",
        "npm:@peculiar/asn1-x509",
        "npm:@peculiar/x509"
      ]
    },
    "@std/async@1.1.1": {
      "integrity": "8a79beb3378cc229ce65ba2c746cfd03e4855ddd891d1eb6b9e32128e0d5339c"
    },
    "@std/bytes@1.0.6": {
      "integrity": "f6ac6adbd8ccd99314045f5703e23af0a68d7f7e58364b47d2c7f408aeb5820a"
    },
    "@std/cli@1.0.27": {
      "integrity": "eba97edd0891871a7410e835dd94b3c260c709cca5983df2689c25a71fbe04de",
      "dependencies": [
        "jsr:@std/fmt@^1.0.9"
      ]
    },
    "@std/dotenv@0.225.6": {
      "integrity": "1d6f9db72f565bd26790fa034c26e45ecb260b5245417be76c2279e5734c421b"
    },
    "@std/encoding@1.0.10": {
      "integrity": "8783c6384a2d13abd5e9e87a7ae0520a30e9f56aeeaa3bdf910a3eaaf5c811a1"
    },
    "@std/fmt@1.0.9": {
      "integrity": "2487343e8899fb2be5d0e3d35013e54477ada198854e52dd05ed0422eddcabe0"
    },
    "@std/fs@1.0.22": {
      "integrity": "de0f277a58a867147a8a01bc1b181d0dfa80bfddba8c9cf2bacd6747bcec9308",
      "dependencies": [
        "jsr:@std/internal",
        "jsr:@std/path@^1.1.4"
      ]
    },
    "@std/internal@1.0.12": {
      "integrity": "972a634fd5bc34b242024402972cd5143eac68d8dffaca5eaa4dba30ce17b027"
    },
    "@std/json@1.0.2": {
      "integrity": "d9e5497801c15fb679f55a2c01c7794ad7a5dfda4dd1bebab5e409cb5e0d34d4"
    },
    "@std/jsonc@1.0.2": {
      "integrity": "909605dae3af22bd75b1cbda8d64a32cf1fd2cf6efa3f9e224aba6d22c0f44c7",
      "dependencies": [
        "jsr:@std/json"
      ]
    },
    "@std/path@1.1.4": {
      "integrity": "1d2d43f39efb1b42f0b1882a25486647cb851481862dc7313390b2bb044314b5",
      "dependencies": [
        "jsr:@std/internal"
      ]
    },
    "@std/semver@1.0.8": {
      "integrity": "dc830e8b8b6a380c895d53fbfd1258dc253704ca57bbe1629ac65fd7830179b7"
    },
    "@std/streams@1.0.17": {
      "integrity": "7859f3d9deed83cf4b41f19223d4a67661b3d3819e9fc117698f493bf5992140"
    },
    "@std/tar@0.1.10": {
      "integrity": "6bf907f3a4bc8bfef42973ba132d946756a6161ef6b914a9e1c06debe664db17",
      "dependencies": [
        "jsr:@std/streams"
      ]
    },
    "@std/text@1.0.17": {
      "integrity": "4b2c4ef67ae5b6c1dfd447c81c83a43718f52e3c7e748d8b33f694aba9895f95"
    },
    "@std/yaml@1.0.9": {
      "integrity": "6bad3dc766dd85b4b37eabcba81b6aa4eac7a392792ae29abcfb0f90602d55bb"
    }
  },
  "npm": {
    "@hexagon/base64@1.1.28": {
      "integrity": "sha512-lhqDEAvWixy3bZ+UOYbPwUbBkwBq5C1LAJ/xPC8Oi+lL54oyakv/npbA0aU2hgCsx/1NUd4IBvV03+aUBWxerw=="
    },
    "@levischuck/tiny-cbor@0.2.11": {
      "integrity": "sha512-llBRm4dT4Z89aRsm6u2oEZ8tfwL/2l6BwpZ7JcyieouniDECM5AqNgr/y08zalEIvW3RSK4upYyybDcmjXqAow=="
    },
    "@peculiar/asn1-android@2.6.0": {
      "integrity": "sha512-cBRCKtYPF7vJGN76/yG8VbxRcHLPF3HnkoHhKOZeHpoVtbMYfY9ROKtH3DtYUY9m8uI1Mh47PRhHf2hSK3xcSQ==",
      "dependencies": [
        "@peculiar/asn1-schema",
        "asn1js",
        "tslib@2.8.1"
      ]
    },
    "@peculiar/asn1-cms@2.6.0": {
      "integrity": "sha512-2uZqP+ggSncESeUF/9Su8rWqGclEfEiz1SyU02WX5fUONFfkjzS2Z/F1Li0ofSmf4JqYXIOdCAZqIXAIBAT1OA==",
      "dependencies": [
        "@peculiar/asn1-schema",
        "@peculiar/asn1-x509",
        "@peculiar/asn1-x509-attr",
        "asn1js",
        "tslib@2.8.1"
      ]
    },
    "@peculiar/asn1-csr@2.6.0": {
      "integrity": "sha512-BeWIu5VpTIhfRysfEp73SGbwjjoLL/JWXhJ/9mo4vXnz3tRGm+NGm3KNcRzQ9VMVqwYS2RHlolz21svzRXIHPQ==",
      "dependencies": [
        "@peculiar/asn1-schema",
        "@peculiar/asn1-x509",
        "asn1js",
        "tslib@2.8.1"
      ]
    },
    "@peculiar/asn1-ecc@2.6.0": {
      "integrity": "sha512-FF3LMGq6SfAOwUG2sKpPXblibn6XnEIKa+SryvUl5Pik+WR9rmRA3OCiwz8R3lVXnYnyRkSZsSLdml8H3UiOcw==",
      "dependencies": [
        "@peculiar/asn1-schema",
        "@peculiar/asn1-x509",
        "asn1js",
        "tslib@2.8.1"
      ]
    },
    "@peculiar/asn1-pfx@2.6.0": {
      "integrity": "sha512-rtUvtf+tyKGgokHHmZzeUojRZJYPxoD/jaN1+VAB4kKR7tXrnDCA/RAWXAIhMJJC+7W27IIRGe9djvxKgsldCQ==",
      "dependencies": [
        "@peculiar/asn1-cms",
        "@peculiar/asn1-pkcs8",
        "@peculiar/asn1-rsa",
        "@peculiar/asn1-schema",
        "asn1js",
        "tslib@2.8.1"
      ]
    },
    "@peculiar/asn1-pkcs8@2.6.0": {
      "integrity": "sha512-KyQ4D8G/NrS7Fw3XCJrngxmjwO/3htnA0lL9gDICvEQ+GJ+EPFqldcJQTwPIdvx98Tua+WjkdKHSC0/Km7T+lA==",
      "dependencies": [
        "@peculiar/asn1-schema",
        "@peculiar/asn1-x509",
        "asn1js",
        "tslib@2.8.1"
      ]
    },
    "@peculiar/asn1-pkcs9@2.6.0": {
      "integrity": "sha512-b78OQ6OciW0aqZxdzliXGYHASeCvvw5caqidbpQRYW2mBtXIX2WhofNXTEe7NyxTb0P6J62kAAWLwn0HuMF1Fw==",
      "dependencies": [
        "@peculiar/asn1-cms",
        "@peculiar/asn1-pfx",
        "@peculiar/asn1-pkcs8",
        "@peculiar/asn1-schema",
        "@peculiar/asn1-x509",
        "@peculiar/asn1-x509-attr",
        "asn1js",
        "tslib@2.8.1"
      ]
    },
    "@peculiar/asn1-rsa@2.6.0": {
      "integrity": "sha512-Nu4C19tsrTsCp9fDrH+sdcOKoVfdfoQQ7S3VqjJU6vedR7tY3RLkQ5oguOIB3zFW33USDUuYZnPEQYySlgha4w==",
      "dependencies": [
        "@peculiar/asn1-schema",
        "@peculiar/asn1-x509",
        "asn1js",
        "tslib@2.8.1"
      ]
    },
    "@peculiar/asn1-schema@2.6.0": {
      "integrity": "sha512-xNLYLBFTBKkCzEZIw842BxytQQATQv+lDTCEMZ8C196iJcJJMBUZxrhSTxLaohMyKK8QlzRNTRkUmanucnDSqg==",
      "dependencies": [
        "asn1js",
        "pvtsutils",
        "tslib@2.8.1"
      ]
    },
    "@peculiar/asn1-x509-attr@2.6.0": {
      "integrity": "sha512-MuIAXFX3/dc8gmoZBkwJWxUWOSvG4MMDntXhrOZpJVMkYX+MYc/rUAU2uJOved9iJEoiUx7//3D8oG83a78UJA==",
      "dependencies": [
        "@peculiar/asn1-schema",
        "@peculiar/asn1-x509",
        "asn1js",
        "tslib@2.8.1"
      ]
    },
    "@peculiar/asn1-x509@2.6.0": {
      "integrity": "sha512-uzYbPEpoQiBoTq0/+jZtpM6Gq6zADBx+JNFP3yqRgziWBxQ/Dt/HcuvRfm9zJTPdRcBqPNdaRHTVwpyiq6iNMA==",
      "dependencies": [
        "@peculiar/asn1-schema",
        "asn1js",
        "pvtsutils",
        "tslib@2.8.1"
      ]
    },
    "@peculiar/x509@1.14.3": {
      "integrity": "sha512-C2Xj8FZ0uHWeCXXqX5B4/gVFQmtSkiuOolzAgutjTfseNOHT3pUjljDZsTSxXFGgio54bCzVFqmEOUrIVk8RDA==",
      "dependencies": [
        "@peculiar/asn1-cms",
        "@peculiar/asn1-csr",
        "@peculiar/asn1-ecc",
        "@peculiar/asn1-pkcs9",
        "@peculiar/asn1-rsa",
        "@peculiar/asn1-schema",
        "@peculiar/asn1-x509",
        "pvtsutils",
        "reflect-metadata",
        "tslib@2.8.1",
        "tsyringe"
      ]
    },
    "@trpc/client@11.6.0_@trpc+server@11.6.0__typescript@6.0.3_typescript@6.0.3": {
      "integrity": "sha512-DyWbYk2hd50BaVrXWVkaUnaSwgAF5g/lfBkXtkF1Aqlk6BtSzGUo3owPkgqQO2I5LwWy1+ra9TsSfBBvIZpTwg==",
      "dependencies": [
        "@trpc/server",
        "typescript"
      ]
    },
    "@trpc/server@11.6.0_typescript@6.0.3": {
      "integrity": "sha512-skTso0AWbOZck40jwNeYv++AMZXNWLUWdyk+pB5iVaYmEKTuEeMoPrEudR12VafbEU6tZa8HK3QhBfTYYHDCdg==",
      "dependencies": [
        "typescript"
      ]
    },
    "@types/node@25.6.0": {
      "integrity": "sha512-+qIYRKdNYJwY3vRCZMdJbPLJAtGjQBudzZzdzwQYkEPQd+PJGixUL5QfvCLDaULoLv+RhT3LDkwEfKaAkgSmNQ==",
      "dependencies": [
        "undici-types"
      ]
    },
    "@types/ws@8.18.1": {
      "integrity": "sha512-ThVF6DCVhA8kUGy+aazFQ4kXQ7E1Ty7A3ypFOe0IcJV8O/M511G99AW24irKrW56Wt44yG9+ij8FaqoBGkuBXg==",
      "dependencies": [
        "@types/node"
      ]
    },
    "asn1js@3.0.7": {
      "integrity": "sha512-uLvq6KJu04qoQM6gvBfKFjlh6Gl0vOKQuR5cJMDHQkmwfMOQeN3F3SHCv9SNYSL+CRoHvOGFfllDlVz03GQjvQ==",
      "dependencies": [
        "pvtsutils",
        "pvutils",
        "tslib@2.8.1"
      ]
    },
    "bundle-name@4.1.0": {
      "integrity": "sha512-tjwM5exMg6BGRI+kNmTntNsvdZS1X8BFYS6tnJ2hdH0kVxM6/eVZ2xy+FqStSWvYmtfFMDLIxurorHwDKfDz5Q==",
      "dependencies": [
        "run-applescript"
      ]
    },
    "copy-anything@4.0.5": {
      "integrity": "sha512-7Vv6asjS4gMOuILabD3l739tsaxFQmC+a7pLZm02zyvs8p977bL3zEgq3yDk5rn9B0PbYgIv++jmHcuUab4RhA==",
      "dependencies": [
        "is-what"
      ]
    },
    "default-browser-id@5.0.1": {
      "integrity": "sha512-x1VCxdX4t+8wVfd1so/9w+vQ4vx7lKd2Qp5tDRutErwmR85OgmfX7RlLRMWafRMY7hbEiXIbudNrjOAPa/hL8Q=="
    },
    "default-browser@5.4.0": {
      "integrity": "sha512-XDuvSq38Hr1MdN47EDvYtx3U0MTqpCEn+F6ft8z2vYDzMrvQhVp0ui9oQdqW3MvK3vqUETglt1tVGgjLuJ5izg==",
      "dependencies": [
        "bundle-name",
        "default-browser-id"
      ]
    },
    "define-lazy-prop@3.0.0": {
      "integrity": "sha512-N+MeXYoqr3pOgn8xfyRPREN7gHakLYjhsHhWGT3fWAiL4IkAt0iDw14QiiEm2bE30c5XX5q0FtAA3CK5f9/BUg=="
    },
    "event-source-polyfill@1.0.31": {
      "integrity": "sha512-4IJSItgS/41IxN5UVAVuAyczwZF7ZIEsM1XAoUzIHA6A+xzusEZUutdXz2Nr+MQPLxfTiCvqE79/C8HT8fKFvA=="
    },
    "is-docker@3.0.0": {
      "integrity": "sha512-eljcgEDlEns/7AXFosB5K/2nCM4P7FQPkGc/DWLy5rmFEWvZayGrik1d9/QIY5nJ4f9YsVvBkA6kJpHn9rISdQ==",
      "bin": true
    },
    "is-inside-container@1.0.0": {
      "integrity": "sha512-KIYLCCJghfHZxqjYBE7rEy0OBuTd5xCHS7tHVgvCLkx7StIoaxwNW3hCALgEUjFfeRk+MG/Qxmp/vtETEF3tRA==",
      "dependencies": [
        "is-docker"
      ],
      "bin": true
    },
    "is-what@5.5.0": {
      "integrity": "sha512-oG7cgbmg5kLYae2N5IVd3jm2s+vldjxJzK1pcu9LfpGuQ93MQSzo0okvRna+7y5ifrD+20FE8FvjusyGaz14fw=="
    },
    "is-wsl@3.1.0": {
      "integrity": "sha512-UcVfVfaK4Sc4m7X3dUSoHoozQGBEFeDC+zVo06t98xe8CzHSZZBekNXH+tu0NalHolcJ/QAGqS46Hef7QXBIMw==",
      "dependencies": [
        "is-inside-container"
      ]
    },
    "jsonc-parser@3.3.1": {
      "integrity": "sha512-HUgH65KyejrUFPvHFPbqOY0rsFip3Bo5wb4ngvdi1EpCYWUQDC5V+Y7mZws+DLkr4M//zQJoanu1SP+87Dv1oQ=="
    },
    "open@10.2.0": {
      "integrity": "sha512-YgBpdJHPyQ2UE5x+hlSXcnejzAvD0b22U2OuAP+8OnlJT+PjWPxtgmGqKKc+RgTM63U9gN0YzrYc71R2WT/hTA==",
      "dependencies": [
        "default-browser",
        "define-lazy-prop",
        "is-inside-container",
        "wsl-utils"
      ]
    },
    "pg-connection-string@2.11.0": {
      "integrity": "sha512-kecgoJwhOpxYU21rZjULrmrBJ698U2RxXofKVzOn5UDj61BPj/qMb7diYUR1nLScCDbrztQFl1TaQZT0t1EtzQ=="
    },
    "pvtsutils@1.3.6": {
      "integrity": "sha512-PLgQXQ6H2FWCaeRak8vvk1GW462lMxB5s3Jm673N82zI4vqtVUPuZdffdZbPDFRoU8kAhItWFtPCWiPpp4/EDg==",
      "dependencies": [
        "tslib@2.8.1"
      ]
    },
    "pvutils@1.1.5": {
      "integrity": "sha512-KTqnxsgGiQ6ZAzZCVlJH5eOjSnvlyEgx1m8bkRJfOhmGRqfo5KLvmAlACQkrjEtOQ4B7wF9TdSLIs9O90MX9xA=="
    },
    "reflect-metadata@0.2.2": {
      "integrity": "sha512-urBwgfrvVP/eAyXx4hluJivBKzuEbSQs9rKWCrCkbSxNv8mxPcUZKeuoF3Uy4mJl3Lwprp6yy5/39VWigZ4K6Q=="
    },
    "run-applescript@7.1.0": {
      "integrity": "sha512-DPe5pVFaAsinSaV6QjQ6gdiedWDcRCbUuiQfQa2wmWV7+xC9bGulGI8+TdRmoFkAPaBXk8CrAbnlY2ISniJ47Q=="
    },
    "superjson@2.2.3": {
      "integrity": "sha512-ay3d+LW/S6yppKoTz3Bq4mG0xrS5bFwfWEBmQfbC7lt5wmtk+Obq0TxVuA9eYRirBTQb1K3eEpBRHMQEo0WyVw==",
      "dependencies": [
        "copy-anything"
      ]
    },
    "temporal-polyfill@0.3.0": {
      "integrity": "sha512-qNsTkX9K8hi+FHDfHmf22e/OGuXmfBm9RqNismxBrnSmZVJKegQ+HYYXT+R7Ha8F/YSm2Y34vmzD4cxMu2u95g==",
      "dependencies": [
        "temporal-spec"
      ]
    },
    "temporal-spec@0.3.0": {
      "integrity": "sha512-n+noVpIqz4hYgFSMOSiINNOUOMFtV5cZQNCmmszA6GiVFVRt3G7AqVyhXjhCSmowvQn+NsGn+jMDMKJYHd3bSQ=="
    },
    "tslib@1.14.1": {
      "integrity": "sha512-Xni35NKzjgMrwevysHTCArtLDpPvye8zV/0E4EyYn43P7/7qvQwPh9BGkHewbMulVntbigmcT7rdX3BNo9wRJg=="
    },
    "tslib@2.8.1": {
      "integrity": "sha512-oJFu94HQb+KVduSUQL7wnpmqnfmLsOA/nAh6b6EH0wCEoK0/mPeXU6c3wKDV83MkOuHPRHtSXKKU99IBazS/2w=="
    },
    "tsyringe@4.10.0": {
      "integrity": "sha512-axr3IdNuVIxnaK5XGEUFTu3YmAQ6lllgrvqfEoR16g/HGnYY/6We4oWENtAnzK6/LpJ2ur9PAb80RBt7/U4ugw==",
      "dependencies": [
        "tslib@1.14.1"
      ]
    },
    "typescript@6.0.3": {
      "integrity": "sha512-y2TvuxSZPDyQakkFRPZHKFm+KKVqIisdg9/CZwm9ftvKXLP8NRWj38/ODjNbr43SsoXqNuAisEf1GdCxqWcdBw==",
      "bin": true
    },
    "undici-types@7.19.2": {
      "integrity": "sha512-qYVnV5OEm2AW8cJMCpdV20CDyaN3g0AjDlOGf1OW4iaDEx8MwdtChUp4zu4H0VP3nDRF/8RKWH+IPp9uW0YGZg=="
    },
    "ws@8.20.0": {
      "integrity": "sha512-sAt8BhgNbzCtgGbt2OxmpuryO63ZoDk/sqaB/znQm94T4fCEsy/yV+7CdC1kJhOU9lboAEU7R3kquuycDoibVA=="
    },
    "wsl-utils@0.1.0": {
      "integrity": "sha512-h3Fbisa2nKGPxCpm89Hk33lBLsnaGBvctQopaBSOW/uIs6FTe1ATyAnKFJrzVs9vpGdsTe73WF3V4lIsk4Gacw==",
      "dependencies": [
        "is-wsl"
      ]
    },
    "zod@4.3.6": {
      "integrity": "sha512-rftlrkhHZOcjDwkGlnUtZZkvaPHCsDATp4pGpuOOMDaTdDDXF91wuVDJoWoPsKX/3YPQ5fHuF3STjcYyKr+Qhg=="
    }
  },
  "workspace": {
    "dependencies": [
      "jsr:@deno/kv-utils@0.1.4",
      "jsr:@simplewebauthn/server@13.2.2",
      "jsr:@std/yaml@1.0.9"
    ]
  }
}
